
Microsoft Visual Studio Solution File, Format Version 12.00
# Visual Studio Version 17
VisualStudioVersion = 17.3.32929.385
MinimumVisualStudioVersion = 10.0.40219.1
Project("{9A19103F-16F7-4668-BE54-9A1E7A4F7556}") = "Ovning1", "Ovning1\Ovning1.csproj", "{4226B429-A275-46CA-9938-B56D01213479}"
EndProject
Project("{FAE04EC0-301F-11D3-BF4B-00C04F79EFBC}") = "Ovning2", "Ovning2\Ovning2.csproj", "{7FE27DBD-3F2D-461B-8604-6279E44CF78C}"
EndProject
Global
	GlobalSection(SolutionConfigurationPlatforms) = preSolution
		Debug|Any CPU = Debug|Any CPU
		Release|Any CPU = Release|Any CPU
	EndGlobalSection
	GlobalSection(ProjectConfigurationPlatforms) = postSolution
		{4226B429-A275-46CA-9938-B56D01213479}.Debug|Any CPU.ActiveCfg = Debug|Any CPU
		{4226B429-A275-46CA-9938-B56D01213479}.Debug|Any CPU.Build.0 = Debug|Any CPU
		{4226B429-A275-46CA-9938-B56D01213479}.Release|Any CPU.ActiveCfg = Release|Any CPU
		{4226B429-A275-46CA-9938-B56D01213479}.Release|Any CPU.Build.0 = Release|Any CPU
		{7FE27DBD-3F2D-461B-8604-6279E44CF78C}.Debug|Any CPU.ActiveCfg = Debug|Any CPU
		{7FE27DBD-3F2D-461B-8604-6279E44CF78C}.Debug|Any CPU.Build.0 = Debug|Any CPU
		{7FE27DBD-3F2D-461B-8604-6279E44CF78C}.Release|Any CPU.ActiveCfg = Release|Any CPU
		{7FE27DBD-3F2D-461B-8604-6279E44CF78C}.Release|Any CPU.Build.0 = Release|Any CPU
	EndGlobalSection
	GlobalSection(SolutionProperties) = preSolution
		HideSolutionNode = FALSE
	EndGlobalSection
	GlobalSection(ExtensibilityGlobals) = postSolution
		SolutionGuid = {28DB5539-1AAC-4E2A-AE2C-E33FAD4EB92F}
	EndGlobalSection
EndGlobal
